// !$*UTF8*$!
{
	archiveVersion = 1;
	classes = {
	};
	objectVersion = 55;
	objects = {

/* Begin PBXBuildFile section */
		4D27324E291BEEF500A0CDAA /* AppDelegate.swift in Sources */ = {isa = PBXBuildFile; fileRef = 4D27324D291BEEF500A0CDAA /* AppDelegate.swift */; };
		4D273250291BEEF500A0CDAA /* SceneDelegate.swift in Sources */ = {isa = PBXBuildFile; fileRef = 4D27324F291BEEF500A0CDAA /* SceneDelegate.swift */; };
		4D273252291BEEF500A0CDAA /* MainPageViewController.swift in Sources */ = {isa = PBXBuildFile; fileRef = 4D273251291BEEF500A0CDAA /* MainPageViewController.swift */; };
		4D273257291BEEF600A0CDAA /* Assets.xcassets in Resources */ = {isa = PBXBuildFile; fileRef = 4D273256291BEEF600A0CDAA /* Assets.xcassets */; };
		4D27325A291BEEF600A0CDAA /* LaunchScreen.storyboard in Resources */ = {isa = PBXBuildFile; fileRef = 4D273258291BEEF600A0CDAA /* LaunchScreen.storyboard */; };
		4D34EA8F291C005400D98EFA /* Product.swift in Sources */ = {isa = PBXBuildFile; fileRef = 4D34EA8E291C005400D98EFA /* Product.swift */; };
		4D34EA91291C013A00D98EFA /* MainPageCollectionViewCell.swift in Sources */ = {isa = PBXBuildFile; fileRef = 4D34EA90291C013A00D98EFA /* MainPageCollectionViewCell.swift */; };
		4D4385AD291E62D000C0DD11 /* ImageView.swift in Sources */ = {isa = PBXBuildFile; fileRef = 4D4385AC291E62D000C0DD11 /* ImageView.swift */; };
		4D442F19291D9651009AC8F2 /* MainPageViewModel.swift in Sources */ = {isa = PBXBuildFile; fileRef = 4D442F18291D9651009AC8F2 /* MainPageViewModel.swift */; };
		4D7AFACE291D9962009C9A8C /* NetworkProvider.swift in Sources */ = {isa = PBXBuildFile; fileRef = 4D7AFACD291D9962009C9A8C /* NetworkProvider.swift */; };
		4D8CB8F3291C18CD00F4AC89 /* DetailsViewController.swift in Sources */ = {isa = PBXBuildFile; fileRef = 4D8CB8F2291C18CD00F4AC89 /* DetailsViewController.swift */; };
		4DAFD475291D890800CABD71 /* NetworkService.swift in Sources */ = {isa = PBXBuildFile; fileRef = 4DAFD474291D890800CABD71 /* NetworkService.swift */; };
		4DAFD477291D895100CABD71 /* Constant.swift in Sources */ = {isa = PBXBuildFile; fileRef = 4DAFD476291D895100CABD71 /* Constant.swift */; };
		4DAFD479291D8D5A00CABD71 /* ProductData.swift in Sources */ = {isa = PBXBuildFile; fileRef = 4DAFD478291D8D5A00CABD71 /* ProductData.swift */; };
		4DFF604D291E479B000DFD5F /* DetailImageCollectionViewCell.swift in Sources */ = {isa = PBXBuildFile; fileRef = 4DFF604C291E479B000DFD5F /* DetailImageCollectionViewCell.swift */; };
		DFD7256C456432A4E1645B94 /* Pods_Beeline_Test.framework in Frameworks */ = {isa = PBXBuildFile; fileRef = 0BC43A41B55D7BC28CAC09FF /* Pods_Beeline_Test.framework */; };
/* End PBXBuildFile section */

/* Begin PBXFileReference section */
		0BC43A41B55D7BC28CAC09FF /* Pods_Beeline_Test.framework */ = {isa = PBXFileReference; explicitFileType = wrapper.framework; includeInIndex = 0; path = Pods_Beeline_Test.framework; sourceTree = BUILT_PRODUCTS_DIR; };
		2C0EE2BE8B713423FA1BE052 /* Pods-Beeline Test.release.xcconfig */ = {isa = PBXFileReference; includeInIndex = 1; lastKnownFileType = text.xcconfig; name = "Pods-Beeline Test.release.xcconfig"; path = "Target Support Files/Pods-Beeline Test/Pods-Beeline Test.release.xcconfig"; sourceTree = "<group>"; };
		4D27324A291BEEF500A0CDAA /* Beeline Test.app */ = {isa = PBXFileReference; explicitFileType = wrapper.application; includeInIndex = 0; path = "Beeline Test.app"; sourceTree = BUILT_PRODUCTS_DIR; };
		4D27324D291BEEF500A0CDAA /* AppDelegate.swift */ = {isa = PBXFileReference; lastKnownFileType = sourcecode.swift; path = AppDelegate.swift; sourceTree = "<group>"; };
		4D27324F291BEEF500A0CDAA /* SceneDelegate.swift */ = {isa = PBXFileReference; lastKnownFileType = sourcecode.swift; path = SceneDelegate.swift; sourceTree = "<group>"; };
		4D273251291BEEF500A0CDAA /* MainPageViewController.swift */ = {isa = PBXFileReference; lastKnownFileType = sourcecode.swift; path = MainPageViewController.swift; sourceTree = "<group>"; };
		4D273256291BEEF600A0CDAA /* Assets.xcassets */ = {isa = PBXFileReference; lastKnownFileType = folder.assetcatalog; path = Assets.xcassets; sourceTree = "<group>"; };
		4D273259291BEEF600A0CDAA /* Base */ = {isa = PBXFileReference; lastKnownFileType = file.storyboard; name = Base; path = Base.lproj/LaunchScreen.storyboard; sourceTree = "<group>"; };
		4D27325B291BEEF600A0CDAA /* Info.plist */ = {isa = PBXFileReference; lastKnownFileType = text.plist.xml; path = Info.plist; sourceTree = "<group>"; };
		4D34EA8E291C005400D98EFA /* Product.swift */ = {isa = PBXFileReference; lastKnownFileType = sourcecode.swift; path = Product.swift; sourceTree = "<group>"; };
		4D34EA90291C013A00D98EFA /* MainPageCollectionViewCell.swift */ = {isa = PBXFileReference; lastKnownFileType = sourcecode.swift; path = MainPageCollectionViewCell.swift; sourceTree = "<group>"; };
		4D4385AC291E62D000C0DD11 /* ImageView.swift */ = {isa = PBXFileReference; lastKnownFileType = sourcecode.swift; path = ImageView.swift; sourceTree = "<group>"; };
		4D442F18291D9651009AC8F2 /* MainPageViewModel.swift */ = {isa = PBXFileReference; lastKnownFileType = sourcecode.swift; path = MainPageViewModel.swift; sourceTree = "<group>"; };
		4D7AFACD291D9962009C9A8C /* NetworkProvider.swift */ = {isa = PBXFileReference; lastKnownFileType = sourcecode.swift; path = NetworkProvider.swift; sourceTree = "<group>"; };
		4D8CB8F2291C18CD00F4AC89 /* DetailsViewController.swift */ = {isa = PBXFileReference; lastKnownFileType = sourcecode.swift; path = DetailsViewController.swift; sourceTree = "<group>"; };
		4DAFD474291D890800CABD71 /* NetworkService.swift */ = {isa = PBXFileReference; lastKnownFileType = sourcecode.swift; path = NetworkService.swift; sourceTree = "<group>"; };
		4DAFD476291D895100CABD71 /* Constant.swift */ = {isa = PBXFileReference; lastKnownFileType = sourcecode.swift; path = Constant.swift; sourceTree = "<group>"; };
		4DAFD478291D8D5A00CABD71 /* ProductData.swift */ = {isa = PBXFileReference; lastKnownFileType = sourcecode.swift; path = ProductData.swift; sourceTree = "<group>"; };
		4DFF604C291E479B000DFD5F /* DetailImageCollectionViewCell.swift */ = {isa = PBXFileReference; lastKnownFileType = sourcecode.swift; path = DetailImageCollectionViewCell.swift; sourceTree = "<group>"; };
		B904F10DAAD01951404D7963 /* Pods-Beeline Test.debug.xcconfig */ = {isa = PBXFileReference; includeInIndex = 1; lastKnownFileType = text.xcconfig; name = "Pods-Beeline Test.debug.xcconfig"; path = "Target Support Files/Pods-Beeline Test/Pods-Beeline Test.debug.xcconfig"; sourceTree = "<group>"; };
/* End PBXFileReference section */

/* Begin PBXFrameworksBuildPhase section */
		4D273247291BEEF500A0CDAA /* Frameworks */ = {
			isa = PBXFrameworksBuildPhase;
			buildActionMask = 2147483647;
			files = (
				DFD7256C456432A4E1645B94 /* Pods_Beeline_Test.framework in Frameworks */,
			);
			runOnlyForDeploymentPostprocessing = 0;
		};
/* End PBXFrameworksBuildPhase section */

/* Begin PBXGroup section */
		1709ECC7F593048AC63450FC /* Frameworks */ = {
			isa = PBXGroup;
			children = (
				0BC43A41B55D7BC28CAC09FF /* Pods_Beeline_Test.framework */,
			);
			name = Frameworks;
			sourceTree = "<group>";
		};
		4D273241291BEEF500A0CDAA = {
			isa = PBXGroup;
			children = (
				4D27324C291BEEF500A0CDAA /* Beeline Test */,
				4D799263291D3E040051CAB6 /* Other */,
				4D27324B291BEEF500A0CDAA /* Products */,
				832A06A7D94710383D37DD10 /* Pods */,
				1709ECC7F593048AC63450FC /* Frameworks */,
			);
			sourceTree = "<group>";
		};
		4D27324B291BEEF500A0CDAA /* Products */ = {
			isa = PBXGroup;
			children = (
				4D27324A291BEEF500A0CDAA /* Beeline Test.app */,
			);
			name = Products;
			sourceTree = "<group>";
		};
		4D27324C291BEEF500A0CDAA /* Beeline Test */ = {
			isa = PBXGroup;
			children = (
				4D442F17291D9632009AC8F2 /* ViewModel */,
				4DAFD472291D78DF00CABD71 /* Service */,
				4D34EA8D291C003A00D98EFA /* Model */,
				4D34EA8C291C002800D98EFA /* View */,
				4D34EA8B291C002000D98EFA /* Controller */,
				4D27325B291BEEF600A0CDAA /* Info.plist */,
			);
			path = "Beeline Test";
			sourceTree = "<group>";
		};
		4D34EA8B291C002000D98EFA /* Controller */ = {
			isa = PBXGroup;
			children = (
				4D8CB8F2291C18CD00F4AC89 /* DetailsViewController.swift */,
				4D273251291BEEF500A0CDAA /* MainPageViewController.swift */,
			);
			path = Controller;
			sourceTree = "<group>";
		};
		4D34EA8C291C002800D98EFA /* View */ = {
			isa = PBXGroup;
			children = (
				4D34EA90291C013A00D98EFA /* MainPageCollectionViewCell.swift */,
				4DFF604C291E479B000DFD5F /* DetailImageCollectionViewCell.swift */,
				4D4385AC291E62D000C0DD11 /* ImageView.swift */,
			);
			path = View;
			sourceTree = "<group>";
		};
		4D34EA8D291C003A00D98EFA /* Model */ = {
			isa = PBXGroup;
			children = (
				4D34EA8E291C005400D98EFA /* Product.swift */,
				4DAFD478291D8D5A00CABD71 /* ProductData.swift */,
			);
			path = Model;
			sourceTree = "<group>";
		};
		4D442F17291D9632009AC8F2 /* ViewModel */ = {
			isa = PBXGroup;
			children = (
				4D442F18291D9651009AC8F2 /* MainPageViewModel.swift */,
			);
			path = ViewModel;
			sourceTree = "<group>";
		};
		4D799263291D3E040051CAB6 /* Other */ = {
			isa = PBXGroup;
			children = (
				4DAFD476291D895100CABD71 /* Constant.swift */,
				4D27324D291BEEF500A0CDAA /* AppDelegate.swift */,
				4D27324F291BEEF500A0CDAA /* SceneDelegate.swift */,
				4D273256291BEEF600A0CDAA /* Assets.xcassets */,
				4D273258291BEEF600A0CDAA /* LaunchScreen.storyboard */,
			);
			path = Other;
			sourceTree = "<group>";
		};
		4DAFD472291D78DF00CABD71 /* Service */ = {
			isa = PBXGroup;
			children = (
				4DAFD474291D890800CABD71 /* NetworkService.swift */,
				4D7AFACD291D9962009C9A8C /* NetworkProvider.swift */,
			);
			path = Service;
			sourceTree = "<group>";
		};
		832A06A7D94710383D37DD10 /* Pods */ = {
			isa = PBXGroup;
			children = (
				B904F10DAAD01951404D7963 /* Pods-Beeline Test.debug.xcconfig */,
				2C0EE2BE8B713423FA1BE052 /* Pods-Beeline Test.release.xcconfig */,
			);
			path = Pods;
			sourceTree = "<group>";
		};
/* End PBXGroup section */

/* Begin PBXNativeTarget section */
		4D273249291BEEF500A0CDAA /* Beeline Test */ = {
			isa = PBXNativeTarget;
			buildConfigurationList = 4D27325E291BEEF600A0CDAA /* Build configuration list for PBXNativeTarget "Beeline Test" */;
			buildPhases = (
				14891652E828C17F335C4189 /* [CP] Check Pods Manifest.lock */,
				4D273246291BEEF500A0CDAA /* Sources */,
				4D273247291BEEF500A0CDAA /* Frameworks */,
				4D273248291BEEF500A0CDAA /* Resources */,
				441A69B6A3D6B761468301EA /* [CP] Embed Pods Frameworks */,
			);
			buildRules = (
			);
			dependencies = (
			);
			name = "Beeline Test";
			productName = "Beeline Test";
			productReference = 4D27324A291BEEF500A0CDAA /* Beeline Test.app */;
			productType = "com.apple.product-type.application";
		};
/* End PBXNativeTarget section */

/* Begin PBXProject section */
		4D273242291BEEF500A0CDAA /* Project object */ = {
			isa = PBXProject;
			attributes = {
				BuildIndependentTargetsInParallel = 1;
				LastSwiftUpdateCheck = 1410;
				LastUpgradeCheck = 1410;
				TargetAttributes = {
					4D273249291BEEF500A0CDAA = {
						CreatedOnToolsVersion = 14.1;
					};
				};
			};
			buildConfigurationList = 4D273245291BEEF500A0CDAA /* Build configuration list for PBXProject "Beeline Test" */;
			compatibilityVersion = "Xcode 13.0";
			developmentRegion = en;
			hasScannedForEncodings = 0;
			knownRegions = (
				en,
				Base,
			);
			mainGroup = 4D273241291BEEF500A0CDAA;
			productRefGroup = 4D27324B291BEEF500A0CDAA /* Products */;
			projectDirPath = "";
			projectRoot = "";
			targets = (
				4D273249291BEEF500A0CDAA /* Beeline Test */,
			);
		};
/* End PBXProject section */

/* Begin PBXResourcesBuildPhase section */
		4D273248291BEEF500A0CDAA /* Resources */ = {
			isa = PBXResourcesBuildPhase;
			buildActionMask = 2147483647;
			files = (
				4D27325A291BEEF600A0CDAA /* LaunchScreen.storyboard in Resources */,
				4D273257291BEEF600A0CDAA /* Assets.xcassets in Resources */,
			);
			runOnlyForDeploymentPostprocessing = 0;
		};
/* End PBXResourcesBuildPhase section */

/* Begin PBXShellScriptBuildPhase section */
		14891652E828C17F335C4189 /* [CP] Check Pods Manifest.lock */ = {
			isa = PBXShellScriptBuildPhase;
			buildActionMask = 2147483647;
			files = (
			);
			inputFileListPaths = (
			);
			inputPaths = (
				"${PODS_PODFILE_DIR_PATH}/Podfile.lock",
				"${PODS_ROOT}/Manifest.lock",
			);
			name = "[CP] Check Pods Manifest.lock";
			outputFileListPaths = (
			);
			outputPaths = (
				"$(DERIVED_FILE_DIR)/Pods-Beeline Test-checkManifestLockResult.txt",
			);
			runOnlyForDeploymentPostprocessing = 0;
			shellPath = /bin/sh;
			shellScript = "diff \"${PODS_PODFILE_DIR_PATH}/Podfile.lock\" \"${PODS_ROOT}/Manifest.lock\" > /dev/null\nif [ $? != 0 ] ; then\n    # print error to STDERR\n    echo \"error: The sandbox is not in sync with the Podfile.lock. Run 'pod install' or update your CocoaPods installation.\" >&2\n    exit 1\nfi\n# This output is used by Xcode 'outputs' to avoid re-running this script phase.\necho \"SUCCESS\" > \"${SCRIPT_OUTPUT_FILE_0}\"\n";
			showEnvVarsInLog = 0;
		};
		441A69B6A3D6B761468301EA /* [CP] Embed Pods Frameworks */ = {
			isa = PBXShellScriptBuildPhase;
			buildActionMask = 2147483647;
			files = (
			);
			inputFileListPaths = (
				"${PODS_ROOT}/Target Support Files/Pods-Beeline Test/Pods-Beeline Test-frameworks-${CONFIGURATION}-input-files.xcfilelist",
			);
			name = "[CP] Embed Pods Frameworks";
			outputFileListPaths = (
				"${PODS_ROOT}/Target Support Files/Pods-Beeline Test/Pods-Beeline Test-frameworks-${CONFIGURATION}-output-files.xcfilelist",
			);
			runOnlyForDeploymentPostprocessing = 0;
			shellPath = /bin/sh;
			shellScript = "\"${PODS_ROOT}/Target Support Files/Pods-Beeline Test/Pods-Beeline Test-frameworks.sh\"\n";
			showEnvVarsInLog = 0;
		};
/* End PBXShellScriptBuildPhase section */

/* Begin PBXSourcesBuildPhase section */
		4D273246291BEEF500A0CDAA /* Sources */ = {
			isa = PBXSourcesBuildPhase;
			buildActionMask = 2147483647;
			files = (
				4D4385AD291E62D000C0DD11 /* ImageView.swift in Sources */,
				4DAFD475291D890800CABD71 /* NetworkService.swift in Sources */,
				4D273252291BEEF500A0CDAA /* MainPageViewController.swift in Sources */,
				4D442F19291D9651009AC8F2 /* MainPageViewModel.swift in Sources */,
				4D34EA8F291C005400D98EFA /* Product.swift in Sources */,
				4D34EA91291C013A00D98EFA /* MainPageCollectionViewCell.swift in Sources */,
				4DFF604D291E479B000DFD5F /* DetailImageCollectionViewCell.swift in Sources */,
				4DAFD477291D895100CABD71 /* Constant.swift in Sources */,
				4D7AFACE291D9962009C9A8C /* NetworkProvider.swift in Sources */,
				4D27324E291BEEF500A0CDAA /* AppDelegate.swift in Sources */,
				4D273250291BEEF500A0CDAA /* SceneDelegate.swift in Sources */,
				4D8CB8F3291C18CD00F4AC89 /* DetailsViewController.swift in Sources */,
				4DAFD479291D8D5A00CABD71 /* ProductData.swift in Sources */,
			);
			runOnlyForDeploymentPostprocessing = 0;
		};
/* End PBXSourcesBuildPhase section */

/* Begin PBXVariantGroup section */
		4D273258291BEEF600A0CDAA /* LaunchScreen.storyboard */ = {
			isa = PBXVariantGroup;
			children = (
				4D273259291BEEF600A0CDAA /* Base */,
			);
			name = LaunchScreen.storyboard;
			sourceTree = "<group>";
		};
/* End PBXVariantGroup section */

/* Begin XCBuildConfiguration section */
		4D27325C291BEEF600A0CDAA /* Debug */ = {
			isa = XCBuildConfiguration;
			buildSettings = {
				ALWAYS_SEARCH_USER_PATHS = NO;
				CLANG_ANALYZER_NONNULL = YES;
				CLANG_ANALYZER_NUMBER_OBJECT_CONVERSION = YES_AGGRESSIVE;
				CLANG_CXX_LANGUAGE_STANDARD = "gnu++20";
				CLANG_ENABLE_MODULES = YES;
				CLANG_ENABLE_OBJC_ARC = YES;
				CLANG_ENABLE_OBJC_WEAK = YES;
				CLANG_WARN_BLOCK_CAPTURE_AUTORELEASING = YES;
				CLANG_WARN_BOOL_CONVERSION = YES;
				CLANG_WARN_COMMA = YES;
				CLANG_WARN_CONSTANT_CONVERSION = YES;
				CLANG_WARN_DEPRECATED_OBJC_IMPLEMENTATIONS = YES;
				CLANG_WARN_DIRECT_OBJC_ISA_USAGE = YES_ERROR;
				CLANG_WARN_DOCUMENTATION_COMMENTS = YES;
				CLANG_WARN_EMPTY_BODY = YES;
				CLANG_WARN_ENUM_CONVERSION = YES;
				CLANG_WARN_INFINITE_RECURSION = YES;
				CLANG_WARN_INT_CONVERSION = YES;
				CLANG_WARN_NON_LITERAL_NULL_CONVERSION = YES;
				CLANG_WARN_OBJC_IMPLICIT_RETAIN_SELF = YES;
				CLANG_WARN_OBJC_LITERAL_CONVERSION = YES;
				CLANG_WARN_OBJC_ROOT_CLASS = YES_ERROR;
				CLANG_WARN_QUOTED_INCLUDE_IN_FRAMEWORK_HEADER = YES;
				CLANG_WARN_RANGE_LOOP_ANALYSIS = YES;
				CLANG_WARN_STRICT_PROTOTYPES = YES;
				CLANG_WARN_SUSPICIOUS_MOVE = YES;
				CLANG_WARN_UNGUARDED_AVAILABILITY = YES_AGGRESSIVE;
				CLANG_WARN_UNREACHABLE_CODE = YES;
				CLANG_WARN__DUPLICATE_METHOD_MATCH = YES;
				COPY_PHASE_STRIP = NO;
				DEBUG_INFORMATION_FORMAT = dwarf;
				ENABLE_STRICT_OBJC_MSGSEND = YES;
				ENABLE_TESTABILITY = YES;
				GCC_C_LANGUAGE_STANDARD = gnu11;
				GCC_DYNAMIC_NO_PIC = NO;
				GCC_NO_COMMON_BLOCKS = YES;
				GCC_OPTIMIZATION_LEVEL = 0;
				GCC_PREPROCESSOR_DEFINITIONS = (
					"DEBUG=1",
					"$(inherited)",
				);
				GCC_WARN_64_TO_32_BIT_CONVERSION = YES;
				GCC_WARN_ABOUT_RETURN_TYPE = YES_ERROR;
				GCC_WARN_UNDECLARED_SELECTOR = YES;
				GCC_WARN_UNINITIALIZED_AUTOS = YES_AGGRESSIVE;
				GCC_WARN_UNUSED_FUNCTION = YES;
				GCC_WARN_UNUSED_VARIABLE = YES;
				IPHONEOS_DEPLOYMENT_TARGET = 13.0;
				MTL_ENABLE_DEBUG_INFO = INCLUDE_SOURCE;
				MTL_FAST_MATH = YES;
				ONLY_ACTIVE_ARCH = YES;
				SDKROOT = iphoneos;
				SWIFT_ACTIVE_COMPILATION_CONDITIONS = DEBUG;
				SWIFT_OPTIMIZATION_LEVEL = "-Onone";
			};
			name = Debug;
		};
		4D27325D291BEEF600A0CDAA /* Release */ = {
			isa = XCBuildConfiguration;
			buildSettings = {
				ALWAYS_SEARCH_USER_PATHS = NO;
				CLANG_ANALYZER_NONNULL = YES;
				CLANG_ANALYZER_NUMBER_OBJECT_CONVERSION = YES_AGGRESSIVE;
				CLANG_CXX_LANGUAGE_STANDARD = "gnu++20";
				CLANG_ENABLE_MODULES = YES;
				CLANG_ENABLE_OBJC_ARC = YES;
				CLANG_ENABLE_OBJC_WEAK = YES;
				CLANG_WARN_BLOCK_CAPTURE_AUTORELEASING = YES;
				CLANG_WARN_BOOL_CONVERSION = YES;
				CLANG_WARN_COMMA = YES;
				CLANG_WARN_CONSTANT_CONVERSION = YES;
				CLANG_WARN_DEPRECATED_OBJC_IMPLEMENTATIONS = YES;
				CLANG_WARN_DIRECT_OBJC_ISA_USAGE = YES_ERROR;
				CLANG_WARN_DOCUMENTATION_COMMENTS = YES;
				CLANG_WARN_EMPTY_BODY = YES;
				CLANG_WARN_ENUM_CONVERSION = YES;
				CLANG_WARN_INFINITE_RECURSION = YES;
				CLANG_WARN_INT_CONVERSION = YES;
				CLANG_WARN_NON_LITERAL_NULL_CONVERSION = YES;
				CLANG_WARN_OBJC_IMPLICIT_RETAIN_SELF = YES;
				CLANG_WARN_OBJC_LITERAL_CONVERSION = YES;
				CLANG_WARN_OBJC_ROOT_CLASS = YES_ERROR;
				CLANG_WARN_QUOTED_INCLUDE_IN_FRAMEWORK_HEADER = YES;
				CLANG_WARN_RANGE_LOOP_ANALYSIS = YES;
				CLANG_WARN_STRICT_PROTOTYPES = YES;
				CLANG_WARN_SUSPICIOUS_MOVE = YES;
				CLANG_WARN_UNGUARDED_AVAILABILITY = YES_AGGRESSIVE;
				CLANG_WARN_UNREACHABLE_CODE = YES;
				CLANG_WARN__DUPLICATE_METHOD_MATCH = YES;
				COPY_PHASE_STRIP = NO;
				DEBUG_INFORMATION_FORMAT = "dwarf-with-dsym";
				ENABLE_NS_ASSERTIONS = NO;
				ENABLE_STRICT_OBJC_MSGSEND = YES;
				GCC_C_LANGUAGE_STANDARD = gnu11;
				GCC_NO_COMMON_BLOCKS = YES;
				GCC_WARN_64_TO_32_BIT_CONVERSION = YES;
				GCC_WARN_ABOUT_RETURN_TYPE = YES_ERROR;
				GCC_WARN_UNDECLARED_SELECTOR = YES;
				GCC_WARN_UNINITIALIZED_AUTOS = YES_AGGRESSIVE;
				GCC_WARN_UNUSED_FUNCTION = YES;
				GCC_WARN_UNUSED_VARIABLE = YES;
				IPHONEOS_DEPLOYMENT_TARGET = 13.0;
				MTL_ENABLE_DEBUG_INFO = NO;
				MTL_FAST_MATH = YES;
				SDKROOT = iphoneos;
				SWIFT_COMPILATION_MODE = wholemodule;
				SWIFT_OPTIMIZATION_LEVEL = "-O";
				VALIDATE_PRODUCT = YES;
			};
			name = Release;
		};
		4D27325F291BEEF600A0CDAA /* Debug */ = {
			isa = XCBuildConfiguration;
			baseConfigurationReference = B904F10DAAD01951404D7963 /* Pods-Beeline Test.debug.xcconfig */;
			buildSettings = {
				ASSETCATALOG_COMPILER_APPICON_NAME = AppIcon;
				ASSETCATALOG_COMPILER_GLOBAL_ACCENT_COLOR_NAME = AccentColor;
				CODE_SIGN_STYLE = Automatic;
				CURRENT_PROJECT_VERSION = 1;
				DEVELOPMENT_TEAM = 543CVV8NB3;
				GENERATE_INFOPLIST_FILE = YES;
				INFOPLIST_FILE = "Beeline Test/Info.plist";
				INFOPLIST_KEY_UIApplicationSupportsIndirectInputEvents = YES;
				INFOPLIST_KEY_UILaunchStoryboardName = LaunchScreen;
				INFOPLIST_KEY_UISupportedInterfaceOrientations_iPad = "UIInterfaceOrientationPortrait UIInterfaceOrientationPortraitUpsideDown UIInterfaceOrientationLandscapeLeft UIInterfaceOrientationLandscapeRight";
				INFOPLIST_KEY_UISupportedInterfaceOrientations_iPhone = "UIInterfaceOrientationPortrait UIInterfaceOrientationLandscapeLeft UIInterfaceOrientationLandscapeRight";
				LD_RUNPATH_SEARCH_PATHS = (
					"$(inherited)",
					"@executable_path/Frameworks",
				);
				MARKETING_VERSION = 1.0;
				PRODUCT_BUNDLE_IDENTIFIER = "AliyaTlegen.Beeline-Test";
				PRODUCT_NAME = "$(TARGET_NAME)";
				SWIFT_EMIT_LOC_STRINGS = YES;
				SWIFT_VERSION = 5.0;
				TARGETED_DEVICE_FAMILY = "1,2";
			};
			name = Debug;
		};
		4D273260291BEEF600A0CDAA /* Release */ = {
			isa = XCBuildConfiguration;
			baseConfigurationReference = 2C0EE2BE8B713423FA1BE052 /* Pods-Beeline Test.release.xcconfig */;
			buildSettings = {
				ASSETCATALOG_COMPILER_APPICON_NAME = AppIcon;
				ASSETCATALOG_COMPILER_GLOBAL_ACCENT_COLOR_NAME = AccentColor;
				CODE_SIGN_STYLE = Automatic;
				CURRENT_PROJECT_VERSION = 1;
				DEVELOPMENT_TEAM = 543CVV8NB3;
				GENERATE_INFOPLIST_FILE = YES;
				INFOPLIST_FILE = "Beeline Test/Info.plist";
				INFOPLIST_KEY_UIApplicationSupportsIndirectInputEvents = YES;
				INFOPLIST_KEY_UILaunchStoryboardName = LaunchScreen;
				INFOPLIST_KEY_UISupportedInterfaceOrientations_iPad = "UIInterfaceOrientationPortrait UIInterfaceOrientationPortraitUpsideDown UIInterfaceOrientationLandscapeLeft UIInterfaceOrientationLandscapeRight";
				INFOPLIST_KEY_UISupportedInterfaceOrientations_iPhone = "UIInterfaceOrientationPortrait UIInterfaceOrientationLandscapeLeft UIInterfaceOrientationLandscapeRight";
				LD_RUNPATH_SEARCH_PATHS = (
					"$(inherited)",
					"@executable_path/Frameworks",
				);
				MARKETING_VERSION = 1.0;
				PRODUCT_BUNDLE_IDENTIFIER = "AliyaTlegen.Beeline-Test";
				PRODUCT_NAME = "$(TARGET_NAME)";
				SWIFT_EMIT_LOC_STRINGS = YES;
				SWIFT_VERSION = 5.0;
				TARGETED_DEVICE_FAMILY = "1,2";
			};
			name = Release;
		};
/* End XCBuildConfiguration section */

/* Begin XCConfigurationList section */
		4D273245291BEEF500A0CDAA /* Build configuration list for PBXProject "Beeline Test" */ = {
			isa = XCConfigurationList;
			buildConfigurations = (
				4D27325C291BEEF600A0CDAA /* Debug */,
				4D27325D291BEEF600A0CDAA /* Release */,
			);
			defaultConfigurationIsVisible = 0;
			defaultConfigurationName = Release;
		};
		4D27325E291BEEF600A0CDAA /* Build configuration list for PBXNativeTarget "Beeline Test" */ = {
			isa = XCConfigurationList;
			buildConfigurations = (
				4D27325F291BEEF600A0CDAA /* Debug */,
				4D273260291BEEF600A0CDAA /* Release */,
			);
			defaultConfigurationIsVisible = 0;
			defaultConfigurationName = Release;
		};
/* End XCConfigurationList section */
	};
	rootObject = 4D273242291BEEF500A0CDAA /* Project object */;
}
